<?xml version="1.0" encoding="utf-8"?>
<Project ToolsVersion="4.0" xmlns="http://schemas.microsoft.com/developer/msbuild/2003">
  <ItemGroup>
    <Filter Include="DxLib">
      <UniqueIdentifier>{4ed5b0d1-d0c6-4cc7-979b-bfa757c65a39}</UniqueIdentifier>
    </Filter>
    <Filter Include="DxLib\Windows">
      <UniqueIdentifier>{d16f5c1b-401c-41aa-869c-c29257f95a0e}</UniqueIdentifier>
    </Filter>
    <Filter Include="DxUseCLib">
      <UniqueIdentifier>{6181af63-8644-40f8-aab6-49a6419ac5cf}</UniqueIdentifier>
    </Filter>
    <Filter Include="DxDrawFunc">
      <UniqueIdentifier>{c7e72007-b022-4bd5-b219-a7c384c92c28}</UniqueIdentifier>
    </Filter>
    <Filter Include="DxUseCLib\Windows">
      <UniqueIdentifier>{335283a5-b884-4b13-865c-e45e6a9bb499}</UniqueIdentifier>
    </Filter>
  </ItemGroup>
  <ItemGroup>
    <ClCompile Include="..\dep\DxLib\Windows\DxKeyHookBinary.cpp">
      <Filter>DxLib\Windows</Filter>
    </ClCompile>
    <ClCompile Include="..\dep\DxLib\Windows\DxLogWin.cpp">
      <Filter>DxLib\Windows</Filter>
    </ClCompile>
    <ClCompile Include="..\dep\DxLib\Windows\DxMaskD3D9.cpp">
      <Filter>DxLib\Windows</Filter>
    </ClCompile>
    <ClCompile Include="..\dep\DxLib\Windows\DxMaskD3D11.cpp">
      <Filter>DxLib\Windows</Filter>
    </ClCompile>
    <ClCompile Include="..\dep\DxLib\Windows\DxMaskWin.cpp">
      <Filter>DxLib\Windows</Filter>
    </ClCompile>
    <ClCompile Include="..\dep\DxLib\Windows\DxMemoryWin.cpp">
      <Filter>DxLib\Windows</Filter>
    </ClCompile>
    <ClCompile Include="..\dep\DxLib\Windows\DxModelD3D9.cpp">
      <Filter>DxLib\Windows</Filter>
    </ClCompile>
    <ClCompile Include="..\dep\DxLib\Windows\DxModelD3D11.cpp">
      <Filter>DxLib\Windows</Filter>
    </ClCompile>
    <ClCompile Include="..\dep\DxLib\Windows\DxModelWin.cpp">
      <Filter>DxLib\Windows</Filter>
    </ClCompile>
    <ClCompile Include="..\dep\DxLib\Windows\DxMovieWin.cpp">
      <Filter>DxLib\Windows</Filter>
    </ClCompile>
    <ClCompile Include="..\dep\DxLib\Windows\DxNetworkWin.cpp">
      <Filter>DxLib\Windows</Filter>
    </ClCompile>
    <ClCompile Include="..\dep\DxLib\Windows\DxShaderCodeBin_Base_D3D9.cpp">
      <Filter>DxLib\Windows</Filter>
    </ClCompile>
    <ClCompile Include="..\dep\DxLib\Windows\DxShaderCodeBin_Base_D3D11.cpp">
      <Filter>DxLib\Windows</Filter>
    </ClCompile>
    <ClCompile Include="..\dep\DxLib\Windows\DxShaderCodeBin_Base3D_D3D11.cpp">
      <Filter>DxLib\Windows</Filter>
    </ClCompile>
    <ClCompile Include="..\dep\DxLib\Windows\DxShaderCodeBin_Filter_D3D9.cpp">
      <Filter>DxLib\Windows</Filter>
    </ClCompile>
    <ClCompile Include="..\dep\DxLib\Windows\DxShaderCodeBin_Filter_D3D11.cpp">
      <Filter>DxLib\Windows</Filter>
    </ClCompile>
    <ClCompile Include="..\dep\DxLib\Windows\DxShaderCodeBin_Model_D3D9.cpp">
      <Filter>DxLib\Windows</Filter>
    </ClCompile>
    <ClCompile Include="..\dep\DxLib\Windows\DxShaderCodeBin_Model_D3D11.cpp">
      <Filter>DxLib\Windows</Filter>
    </ClCompile>
    <ClCompile Include="..\dep\DxLib\Windows\DxShaderCodeBin_RgbaMix_D3D9.cpp">
      <Filter>DxLib\Windows</Filter>
    </ClCompile>
    <ClCompile Include="..\dep\DxLib\Windows\DxShaderCodeBin_RgbaMix_D3D11.cpp">
      <Filter>DxLib\Windows</Filter>
    </ClCompile>
    <ClCompile Include="..\dep\DxLib\Windows\DxSoundConvertWin.cpp">
      <Filter>DxLib\Windows</Filter>
    </ClCompile>
    <ClCompile Include="..\dep\DxLib\Windows\DxSoundWin.cpp">
      <Filter>DxLib\Windows</Filter>
    </ClCompile>
    <ClCompile Include="..\dep\DxLib\Windows\DxSystemWin.cpp">
      <Filter>DxLib\Windows</Filter>
    </ClCompile>
    <ClCompile Include="..\dep\DxLib\Windows\DxThreadWin.cpp">
      <Filter>DxLib\Windows</Filter>
    </ClCompile>
    <ClCompile Include="..\dep\DxLib\Windows\DxWinAPI.cpp">
      <Filter>DxLib\Windows</Filter>
    </ClCompile>
    <ClCompile Include="..\dep\DxLib\Windows\DxWindow.cpp">
      <Filter>DxLib\Windows</Filter>
    </ClCompile>
    <ClCompile Include="..\dep\DxLib\Windows\DxBaseFuncWin.cpp">
      <Filter>DxLib\Windows</Filter>
    </ClCompile>
    <ClCompile Include="..\dep\DxLib\Windows\DxFileWin.cpp">
      <Filter>DxLib\Windows</Filter>
    </ClCompile>
    <ClCompile Include="..\dep\DxLib\Windows\DxFontWin.cpp">
      <Filter>DxLib\Windows</Filter>
    </ClCompile>
    <ClCompile Include="..\dep\DxLib\Windows\DxGraphicsAPIWin.cpp">
      <Filter>DxLib\Windows</Filter>
    </ClCompile>
    <ClCompile Include="..\dep\DxLib\Windows\DxGraphicsD3D9.cpp">
      <Filter>DxLib\Windows</Filter>
    </ClCompile>
    <ClCompile Include="..\dep\DxLib\Windows\DxGraphicsD3D11.cpp">
      <Filter>DxLib\Windows</Filter>
    </ClCompile>
    <ClCompile Include="..\dep\DxLib\Windows\DxGraphicsFilterD3D9.cpp">
      <Filter>DxLib\Windows</Filter>
    </ClCompile>
    <ClCompile Include="..\dep\DxLib\Windows\DxGraphicsFilterD3D11.cpp">
      <Filter>DxLib\Windows</Filter>
    </ClCompile>
    <ClCompile Include="..\dep\DxLib\Windows\DxGraphicsFilterWin.cpp">
      <Filter>DxLib\Windows</Filter>
    </ClCompile>
    <ClCompile Include="..\dep\DxLib\Windows\DxGraphicsWin.cpp">
      <Filter>DxLib\Windows</Filter>
    </ClCompile>
    <ClCompile Include="..\dep\DxLib\Windows\DxGuid.cpp">
      <Filter>DxLib\Windows</Filter>
    </ClCompile>
    <ClCompile Include="..\dep\DxLib\Windows\DxInputWin.cpp">
      <Filter>DxLib\Windows</Filter>
    </ClCompile>
    <ClCompile Include="..\dep\DxLib\Windows\DxBaseImageWin.cpp">
      <Filter>DxLib\Windows</Filter>
    </ClCompile>
    <ClCompile Include="..\dep\DxLib\Windows\DxShaderCodeBin_Base3D_D3D9.cpp">
      <Filter>DxLib\Windows</Filter>
    </ClCompile>
    <ClCompile Include="..\dep\DxLib\Windows\DxShaderCodeBin_Live2D_Cubism4_D3D9.cpp">
      <Filter>DxLib\Windows</Filter>
    </ClCompile>
    <ClCompile Include="..\dep\DxLib\Windows\DxShaderCodeBin_Live2D_Cubism4_D3D11.cpp">
      <Filter>DxLib\Windows</Filter>
    </ClCompile>
    <ClCompile Include="..\dep\DxLib\Windows\DxLive2DCubism4Win.cpp">
      <Filter>DxLib\Windows</Filter>
    </ClCompile>
    <ClCompile Include="..\dep\DxLib\DxArchive_.cpp">
      <Filter>DxLib</Filter>
    </ClCompile>
    <ClCompile Include="..\dep\DxLib\DxASyncLoad.cpp">
      <Filter>DxLib</Filter>
    </ClCompile>
    <ClCompile Include="..\dep\DxLib\DxBaseFunc.cpp">
      <Filter>DxLib</Filter>
    </ClCompile>
    <ClCompile Include="..\dep\DxLib\DxBaseImage.cpp">
      <Filter>DxLib</Filter>
    </ClCompile>
    <ClCompile Include="..\dep\DxLib\DxChar.cpp">
      <Filter>DxLib</Filter>
    </ClCompile>
    <ClCompile Include="..\dep\DxLib\DxCharCodeTable.cpp">
      <Filter>DxLib</Filter>
    </ClCompile>
    <ClCompile Include="..\dep\DxLib\DxFile.cpp">
      <Filter>DxLib</Filter>
    </ClCompile>
    <ClCompile Include="..\dep\DxLib\DxFont.cpp">
      <Filter>DxLib</Filter>
    </ClCompile>
    <ClCompile Include="..\dep\DxLib\DxGateway.cpp">
      <Filter>DxLib</Filter>
    </ClCompile>
    <ClCompile Include="..\dep\DxLib\DxGraphics.cpp">
      <Filter>DxLib</Filter>
    </ClCompile>
    <ClCompile Include="..\dep\DxLib\DxGraphicsFilter.cpp">
      <Filter>DxLib</Filter>
    </ClCompile>
    <ClCompile Include="..\dep\DxLib\DxHandle.cpp">
      <Filter>DxLib</Filter>
    </ClCompile>
    <ClCompile Include="..\dep\DxLib\DxHeap.cpp">
      <Filter>DxLib</Filter>
    </ClCompile>
    <ClCompile Include="..\dep\DxLib\DxInput.cpp">
      <Filter>DxLib</Filter>
    </ClCompile>
    <ClCompile Include="..\dep\DxLib\DxInputString.cpp">
      <Filter>DxLib</Filter>
    </ClCompile>
    <ClCompile Include="..\dep\DxLib\DxLive2DCubism4.cpp">
      <Filter>DxLib</Filter>
    </ClCompile>
    <ClCompile Include="..\dep\DxLib\DxLog.cpp">
      <Filter>DxLib</Filter>
    </ClCompile>
    <ClCompile Include="..\dep\DxLib\DxMask.cpp">
      <Filter>DxLib</Filter>
    </ClCompile>
    <ClCompile Include="..\dep\DxLib\DxMath.cpp">
      <Filter>DxLib</Filter>
    </ClCompile>
    <ClCompile Include="..\dep\DxLib\DxMemImg.cpp">
      <Filter>DxLib</Filter>
    </ClCompile>
    <ClCompile Include="..\dep\DxLib\DxMemory.cpp">
      <Filter>DxLib</Filter>
    </ClCompile>
    <ClCompile Include="..\dep\DxLib\DxModel.cpp">
      <Filter>DxLib</Filter>
    </ClCompile>
    <ClCompile Include="..\dep\DxLib\DxModelLoader0.cpp">
      <Filter>DxLib</Filter>
    </ClCompile>
    <ClCompile Include="..\dep\DxLib\DxModelLoader1.cpp">
      <Filter>DxLib</Filter>
    </ClCompile>
    <ClCompile Include="..\dep\DxLib\DxModelLoader2.cpp">
      <Filter>DxLib</Filter>
    </ClCompile>
    <ClCompile Include="..\dep\DxLib\DxModelLoader3.cpp">
      <Filter>DxLib</Filter>
    </ClCompile>
    <ClCompile Include="..\dep\DxLib\DxModelLoader4.cpp">
      <Filter>DxLib</Filter>
    </ClCompile>
    <ClCompile Include="..\dep\DxLib\DxModelLoaderVMD.cpp">
      <Filter>DxLib</Filter>
    </ClCompile>
    <ClCompile Include="..\dep\DxLib\DxModelRead.cpp">
      <Filter>DxLib</Filter>
    </ClCompile>
    <ClCompile Include="..\dep\DxLib\DxMovie.cpp">
      <Filter>DxLib</Filter>
    </ClCompile>
    <ClCompile Include="..\dep\DxLib\DxNetwork.cpp">
      <Filter>DxLib</Filter>
    </ClCompile>
    <ClCompile Include="..\dep\DxLib\DxRingBuffer.cpp">
      <Filter>DxLib</Filter>
    </ClCompile>
    <ClCompile Include="..\dep\DxLib\Windows\DxShaderCodeTxt_D3D9.cpp">
      <Filter>DxLib</Filter>
    </ClCompile>
    <ClCompile Include="..\dep\DxLib\Windows\DxShaderCodeTxt_D3D11.cpp">
      <Filter>DxLib</Filter>
    </ClCompile>
    <ClCompile Include="..\dep\DxLib\DxSoftImage.cpp">
      <Filter>DxLib</Filter>
    </ClCompile>
    <ClCompile Include="..\dep\DxLib\DxSound.cpp">
      <Filter>DxLib</Filter>
    </ClCompile>
    <ClCompile Include="..\dep\DxLib\DxSoundConvert.cpp">
      <Filter>DxLib</Filter>
    </ClCompile>
    <ClCompile Include="..\dep\DxLib\DxSystem.cpp">
      <Filter>DxLib</Filter>
    </ClCompile>
    <ClCompile Include="..\dep\DxLib\DxThread.cpp">
      <Filter>DxLib</Filter>
    </ClCompile>
    <ClCompile Include="..\dep\DxLib\DxMemImgDrawFunction0.cpp">
      <Filter>DxDrawFunc</Filter>
    </ClCompile>
    <ClCompile Include="..\dep\DxLib\DxMemImgDrawFunction1.cpp">
      <Filter>DxDrawFunc</Filter>
    </ClCompile>
    <ClCompile Include="..\dep\DxLib\DxMemImgDrawFunction2.cpp">
      <Filter>DxDrawFunc</Filter>
    </ClCompile>
    <ClCompile Include="..\dep\DxLib\DxMemImgDrawFunction3.cpp">
      <Filter>DxDrawFunc</Filter>
    </ClCompile>
    <ClCompile Include="..\dep\DxLib\DxUseCLib.cpp">
      <Filter>DxUseCLib</Filter>
    </ClCompile>
    <ClCompile Include="..\dep\DxLib\DxUseCLibLive2DCubism4.cpp">
      <Filter>DxUseCLib</Filter>
    </ClCompile>
    <ClCompile Include="..\dep\DxLib\DxUseCLibOgg.cpp">
      <Filter>DxUseCLib</Filter>
    </ClCompile>
    <ClCompile Include="..\dep\DxLib\DxUseCLibPhysics.cpp">
      <Filter>DxUseCLib</Filter>
    </ClCompile>
    <ClCompile Include="..\dep\DxLib\Windows\DxUseCLibOggD3D9.cpp">
      <Filter>DxUseCLib\Windows</Filter>
    </ClCompile>
    <ClCompile Include="..\dep\DxLib\Windows\DxUseCLibOggD3D11.cpp">
      <Filter>DxUseCLib\Windows</Filter>
    </ClCompile>
    <ClCompile Include="..\dep\DxLib\Windows\DxUseCLibOggWin.cpp">
      <Filter>DxUseCLib\Windows</Filter>
    </ClCompile>
    <ClCompile Include="..\dep\DxLib\Windows\DxUseCStrmBaseFilter.cpp">
      <Filter>DxUseCLib\Windows</Filter>
    </ClCompile>
  </ItemGroup>
  <ItemGroup>
    <ClInclude Include="..\dep\DxLib\Windows\DxInputWin.h">
      <Filter>DxLib\Windows</Filter>
    </ClInclude>
    <ClInclude Include="..\dep\DxLib\Windows\DxLogWin.h">
      <Filter>DxLib\Windows</Filter>
    </ClInclude>
    <ClInclude Include="..\dep\DxLib\Windows\DxMaskD3D9.h">
      <Filter>DxLib\Windows</Filter>
    </ClInclude>
    <ClInclude Include="..\dep\DxLib\Windows\DxMaskD3D11.h">
      <Filter>DxLib\Windows</Filter>
    </ClInclude>
    <ClInclude Include="..\dep\DxLib\Windows\DxMaskWin.h">
      <Filter>DxLib\Windows</Filter>
    </ClInclude>
    <ClInclude Include="..\dep\DxLib\Windows\DxMemoryWin.h">
      <Filter>DxLib\Windows</Filter>
    </ClInclude>
    <ClInclude Include="..\dep\DxLib\Windows\DxModelD3D9.h">
      <Filter>DxLib\Windows</Filter>
    </ClInclude>
    <ClInclude Include="..\dep\DxLib\Windows\DxModelD3D11.h">
      <Filter>DxLib\Windows</Filter>
    </ClInclude>
    <ClInclude Include="..\dep\DxLib\Windows\DxModelWin.h">
      <Filter>DxLib\Windows</Filter>
    </ClInclude>
    <ClInclude Include="..\dep\DxLib\Windows\DxMovieWin.h">
      <Filter>DxLib\Windows</Filter>
    </ClInclude>
    <ClInclude Include="..\dep\DxLib\Windows\DxNetworkWin.h">
      <Filter>DxLib\Windows</Filter>
    </ClInclude>
    <ClInclude Include="..\dep\DxLib\Windows\DxShader_Common_D3D11.h">
      <Filter>DxLib\Windows</Filter>
    </ClInclude>
    <ClInclude Include="..\dep\DxLib\Windows\DxShader_DataType_D3D11.h">
      <Filter>DxLib\Windows</Filter>
    </ClInclude>
    <ClInclude Include="..\dep\DxLib\Windows\DxShader_PS_D3D9.h">
      <Filter>DxLib\Windows</Filter>
    </ClInclude>
    <ClInclude Include="..\dep\DxLib\Windows\DxShader_PS_D3D11.h">
      <Filter>DxLib\Windows</Filter>
    </ClInclude>
    <ClInclude Include="..\dep\DxLib\Windows\DxShader_VS_D3D9.h">
      <Filter>DxLib\Windows</Filter>
    </ClInclude>
    <ClInclude Include="..\dep\DxLib\Windows\DxShader_VS_D3D11.h">
      <Filter>DxLib\Windows</Filter>
    </ClInclude>
    <ClInclude Include="..\dep\DxLib\Windows\DxSoundConvertWin.h">
      <Filter>DxLib\Windows</Filter>
    </ClInclude>
    <ClInclude Include="..\dep\DxLib\Windows\DxSoundWin.h">
      <Filter>DxLib\Windows</Filter>
    </ClInclude>
    <ClInclude Include="..\dep\DxLib\Windows\DxSystemWin.h">
      <Filter>DxLib\Windows</Filter>
    </ClInclude>
    <ClInclude Include="..\dep\DxLib\Windows\DxThreadWin.h">
      <Filter>DxLib\Windows</Filter>
    </ClInclude>
    <ClInclude Include="..\dep\DxLib\Windows\DxWinAPI.h">
      <Filter>DxLib\Windows</Filter>
    </ClInclude>
    <ClInclude Include="..\dep\DxLib\Windows\DxWindow.h">
      <Filter>DxLib\Windows</Filter>
    </ClInclude>
    <ClInclude Include="..\dep\DxLib\Windows\DxBaseFuncWin.h">
      <Filter>DxLib\Windows</Filter>
    </ClInclude>
    <ClInclude Include="..\dep\DxLib\Windows\DxDirectX.h">
      <Filter>DxLib\Windows</Filter>
    </ClInclude>
    <ClInclude Include="..\dep\DxLib\Windows\DxFileWin.h">
      <Filter>DxLib\Windows</Filter>
    </ClInclude>
    <ClInclude Include="..\dep\DxLib\Windows\DxFontWin.h">
      <Filter>DxLib\Windows</Filter>
    </ClInclude>
    <ClInclude Include="..\dep\DxLib\Windows\DxGraphicsAPIWin.h">
      <Filter>DxLib\Windows</Filter>
    </ClInclude>
    <ClInclude Include="..\dep\DxLib\Windows\DxGraphicsD3D9.h">
      <Filter>DxLib\Windows</Filter>
    </ClInclude>
    <ClInclude Include="..\dep\DxLib\Windows\DxGraphicsD3D11.h">
      <Filter>DxLib\Windows</Filter>
    </ClInclude>
    <ClInclude Include="..\dep\DxLib\Windows\DxGraphicsFilterD3D9.h">
      <Filter>DxLib\Windows</Filter>
    </ClInclude>
    <ClInclude Include="..\dep\DxLib\Windows\DxGraphicsFilterD3D11.h">
      <Filter>DxLib\Windows</Filter>
    </ClInclude>
    <ClInclude Include="..\dep\DxLib\Windows\DxGraphicsFilterWin.h">
      <Filter>DxLib\Windows</Filter>
    </ClInclude>
    <ClInclude Include="..\dep\DxLib\Windows\DxGraphicsWin.h">
      <Filter>DxLib\Windows</Filter>
    </ClInclude>
    <ClInclude Include="..\dep\DxLib\Windows\DxGuid.h">
      <Filter>DxLib\Windows</Filter>
    </ClInclude>
    <ClInclude Include="..\dep\DxLib\Windows\DxBaseImageWin.h">
      <Filter>DxLib\Windows</Filter>
    </ClInclude>
    <ClInclude Include="..\dep\DxLib\Windows\DxLive2DCubism4Win.h">
      <Filter>DxLib\Windows</Filter>
    </ClInclude>
    <ClInclude Include="..\dep\DxLib\DxArchive_.h">
      <Filter>DxLib</Filter>
    </ClInclude>
    <ClInclude Include="..\dep\DxLib\DxASyncLoad.h">
      <Filter>DxLib</Filter>
    </ClInclude>
    <ClInclude Include="..\dep\DxLib\DxBaseFunc.h">
      <Filter>DxLib</Filter>
    </ClInclude>
    <ClInclude Include="..\dep\DxLib\DxBaseImage.h">
      <Filter>DxLib</Filter>
    </ClInclude>
    <ClInclude Include="..\dep\DxLib\DxChar.h">
      <Filter>DxLib</Filter>
    </ClInclude>
    <ClInclude Include="..\dep\DxLib\DxCompileConfig.h">
      <Filter>DxLib</Filter>
    </ClInclude>
    <ClInclude Include="..\dep\DxLib\DxDataType.h">
      <Filter>DxLib</Filter>
    </ClInclude>
    <ClInclude Include="..\dep\DxLib\DxDataTypeWin.h">
      <Filter>DxLib</Filter>
    </ClInclude>
    <ClInclude Include="..\dep\DxLib\DxFile.h">
      <Filter>DxLib</Filter>
    </ClInclude>
    <ClInclude Include="..\dep\DxLib\DxFont.h">
      <Filter>DxLib</Filter>
    </ClInclude>
    <ClInclude Include="..\dep\DxLib\DxFunctionWin.h">
      <Filter>DxLib</Filter>
    </ClInclude>
    <ClInclude Include="..\dep\DxLib\DxGraphics.h">
      <Filter>DxLib</Filter>
    </ClInclude>
    <ClInclude Include="..\dep\DxLib\DxGraphicsFilter.h">
      <Filter>DxLib</Filter>
    </ClInclude>
    <ClInclude Include="..\dep\DxLib\DxHandle.h">
      <Filter>DxLib</Filter>
    </ClInclude>
    <ClInclude Include="..\dep\DxLib\DxHeap.h">
      <Filter>DxLib</Filter>
    </ClInclude>
    <ClInclude Include="..\dep\DxLib\DxInput.h">
      <Filter>DxLib</Filter>
    </ClInclude>
    <ClInclude Include="..\dep\DxLib\DxInputString.h">
      <Filter>DxLib</Filter>
    </ClInclude>
    <ClInclude Include="..\dep\DxLib\DxLib.h">
      <Filter>DxLib</Filter>
    </ClInclude>
    <ClInclude Include="..\dep\DxLib\DxLive2DCubism4.h">
      <Filter>DxLib</Filter>
    </ClInclude>
    <ClInclude Include="..\dep\DxLib\DxLog.h">
      <Filter>DxLib</Filter>
    </ClInclude>
    <ClInclude Include="..\dep\DxLib\DxMask.h">
      <Filter>DxLib</Filter>
    </ClInclude>
    <ClInclude Include="..\dep\DxLib\DxMath.h">
      <Filter>DxLib</Filter>
    </ClInclude>
    <ClInclude Include="..\dep\DxLib\DxMemImg.h">
      <Filter>DxLib</Filter>
    </ClInclude>
    <ClInclude Include="..\dep\DxLib\DxMemory.h">
      <Filter>DxLib</Filter>
    </ClInclude>
    <ClInclude Include="..\dep\DxLib\DxModel.h">
      <Filter>DxLib</Filter>
    </ClInclude>
    <ClInclude Include="..\dep\DxLib\DxModelFile.h">
      <Filter>DxLib</Filter>
    </ClInclude>
    <ClInclude Include="..\dep\DxLib\DxModelLoader3.h">
      <Filter>DxLib</Filter>
    </ClInclude>
    <ClInclude Include="..\dep\DxLib\DxModelLoader4.h">
      <Filter>DxLib</Filter>
    </ClInclude>
    <ClInclude Include="..\dep\DxLib\DxModelLoaderVMD.h">
      <Filter>DxLib</Filter>
    </ClInclude>
    <ClInclude Include="..\dep\DxLib\DxModelRead.h">
      <Filter>DxLib</Filter>
    </ClInclude>
    <ClInclude Include="..\dep\DxLib\DxMovie.h">
      <Filter>DxLib</Filter>
    </ClInclude>
    <ClInclude Include="..\dep\DxLib\DxNetwork.h">
      <Filter>DxLib</Filter>
    </ClInclude>
    <ClInclude Include="..\dep\DxLib\DxRingBuffer.h">
      <Filter>DxLib</Filter>
    </ClInclude>
    <ClInclude Include="..\dep\DxLib\DxSoftImage.h">
      <Filter>DxLib</Filter>
    </ClInclude>
    <ClInclude Include="..\dep\DxLib\DxSound.h">
      <Filter>DxLib</Filter>
    </ClInclude>
    <ClInclude Include="..\dep\DxLib\DxSoundConvert.h">
      <Filter>DxLib</Filter>
    </ClInclude>
    <ClInclude Include="..\dep\DxLib\DxStatic.h">
      <Filter>DxLib</Filter>
    </ClInclude>
    <ClInclude Include="..\dep\DxLib\DxSystem.h">
      <Filter>DxLib</Filter>
    </ClInclude>
    <ClInclude Include="..\dep\DxLib\DxThread.h">
      <Filter>DxLib</Filter>
    </ClInclude>
    <ClInclude Include="..\dep\DxLib\DxUseCLib.h">
      <Filter>DxUseCLib</Filter>
    </ClInclude>
    <ClInclude Include="..\dep\DxLib\DxUseCLibLive2DCubism4.h">
      <Filter>DxUseCLib</Filter>
    </ClInclude>
    <ClInclude Include="..\dep\DxLib\DxUseCLibOgg.h">
      <Filter>DxUseCLib</Filter>
    </ClInclude>
    <ClInclude Include="..\dep\DxLib\Windows\DxUseCLibOggD3D9.h">
      <Filter>DxUseCLib\Windows</Filter>
    </ClInclude>
    <ClInclude Include="..\dep\DxLib\Windows\DxUseCLibOggD3D11.h">
      <Filter>DxUseCLib\Windows</Filter>
    </ClInclude>
    <ClInclude Include="..\dep\DxLib\Windows\DxUseCLibOggWin.h">
      <Filter>DxUseCLib\Windows</Filter>
    </ClInclude>
    <ClInclude Include="..\dep\DxLib\Windows\DxUseCStrmBaseFilter.h">
      <Filter>DxUseCLib\Windows</Filter>
    </ClInclude>
  </ItemGroup>
</Project>