
Microsoft Visual Studio Solution File, Format Version 12.00
# Visual Studio Version 17
VisualStudioVersion = 17.14.36310.24
MinimumVisualStudioVersion = 10.0.40219.1
Project("{8BC9CEB8-8B4A-11D0-8D11-00A0C91BC942}") = "ExampleIR", "ExampleIR\ExampleIR.vcxproj", "{BF127BA9-475C-4BEC-91F6-058D5D7A2F65}"
EndProject
Project("{8BC9CEB8-8B4A-11D0-8D11-00A0C91BC942}") = "OpenLR2", "vcxproj\OpenLR2.vcxproj", "{01FA731B-9406-4B8B-8604-7023E88298F5}"
	ProjectSection(ProjectDependencies) = postProject
		{0FE31D1F-C769-4E5C-A95C-79EA84F48C62} = {0FE31D1F-C769-4E5C-A95C-79EA84F48C62}
		{640B52EF-D6CC-459A-959D-9C8C14C70D8F} = {640B52EF-D6CC-459A-959D-9C8C14C70D8F}
		{7DCFEC6B-4413-4250-B73F-BD39050D9167} = {7DCFEC6B-4413-4250-B73F-BD39050D9167}
		{C4D93941-D72C-46B8-A410-12A137960395} = {C4D93941-D72C-46B8-A410-12A137960395}
		{D59030DC-1466-47EF-9E90-31EACDA8D0BC} = {D59030DC-1466-47EF-9E90-31EACDA8D0BC}
	EndProjectSection
EndProject
Project("{8BC9CEB8-8B4A-11D0-8D11-00A0C91BC942}") = "md5", "vcxproj\md5_lib.vcxproj", "{C4D93941-D72C-46B8-A410-12A137960395}"
EndProject
Project("{8BC9CEB8-8B4A-11D0-8D11-00A0C91BC942}") = "sqlite3", "vcxproj\sqlite3_lib.vcxproj", "{7DCFEC6B-4413-4250-B73F-BD39050D9167}"
EndProject
Project("{8BC9CEB8-8B4A-11D0-8D11-00A0C91BC942}") = "tinyxml", "vcxproj\tinyxml_lib.vcxproj", "{D59030DC-1466-47EF-9E90-31EACDA8D0BC}"
EndProject
Project("{8BC9CEB8-8B4A-11D0-8D11-00A0C91BC942}") = "FMOD", "vcxproj\fmod.vcxproj", "{0FE31D1F-C769-4E5C-A95C-79EA84F48C62}"
EndProject
Project("{8BC9CEB8-8B4A-11D0-8D11-00A0C91BC942}") = "DxLib", "vcxproj\DxLib.vcxproj", "{640B52EF-D6CC-459A-959D-9C8C14C70D8F}"
EndProject
Project("{2150E333-8FDC-42A3-9474-1A3956D46DE8}") = "Dependencies", "Dependencies", "{02EA681E-C7D8-13C7-8484-4AC65E1B71E8}"
EndProject
Global
	GlobalSection(SolutionConfigurationPlatforms) = preSolution
		Debug|x64 = Debug|x64
		Debug|x86 = Debug|x86
		DebugWithSanitizer|x64 = DebugWithSanitizer|x64
		DebugWithSanitizer|x86 = DebugWithSanitizer|x86
		Release|x64 = Release|x64
		Release|x86 = Release|x86
	EndGlobalSection
	GlobalSection(ProjectConfigurationPlatforms) = postSolution
		{BF127BA9-475C-4BEC-91F6-058D5D7A2F65}.Debug|x64.ActiveCfg = Debug|x64
		{BF127BA9-475C-4BEC-91F6-058D5D7A2F65}.Debug|x64.Build.0 = Debug|x64
		{BF127BA9-475C-4BEC-91F6-058D5D7A2F65}.Debug|x86.ActiveCfg = Debug|Win32
		{BF127BA9-475C-4BEC-91F6-058D5D7A2F65}.Debug|x86.Build.0 = Debug|Win32
		{BF127BA9-475C-4BEC-91F6-058D5D7A2F65}.DebugWithSanitizer|x64.ActiveCfg = Debug|x64
		{BF127BA9-475C-4BEC-91F6-058D5D7A2F65}.DebugWithSanitizer|x64.Build.0 = Debug|x64
		{BF127BA9-475C-4BEC-91F6-058D5D7A2F65}.DebugWithSanitizer|x86.ActiveCfg = Debug|Win32
		{BF127BA9-475C-4BEC-91F6-058D5D7A2F65}.DebugWithSanitizer|x86.Build.0 = Debug|Win32
		{BF127BA9-475C-4BEC-91F6-058D5D7A2F65}.Release|x64.ActiveCfg = Release|x64
		{BF127BA9-475C-4BEC-91F6-058D5D7A2F65}.Release|x64.Build.0 = Release|x64
		{BF127BA9-475C-4BEC-91F6-058D5D7A2F65}.Release|x86.ActiveCfg = Release|Win32
		{BF127BA9-475C-4BEC-91F6-058D5D7A2F65}.Release|x86.Build.0 = Release|Win32
		{01FA731B-9406-4B8B-8604-7023E88298F5}.Debug|x64.ActiveCfg = Debug|x64
		{01FA731B-9406-4B8B-8604-7023E88298F5}.Debug|x64.Build.0 = Debug|x64
		{01FA731B-9406-4B8B-8604-7023E88298F5}.Debug|x86.ActiveCfg = Debug|Win32
		{01FA731B-9406-4B8B-8604-7023E88298F5}.Debug|x86.Build.0 = Debug|Win32
		{01FA731B-9406-4B8B-8604-7023E88298F5}.DebugWithSanitizer|x64.ActiveCfg = DebugWithSanitizer|x64
		{01FA731B-9406-4B8B-8604-7023E88298F5}.DebugWithSanitizer|x64.Build.0 = DebugWithSanitizer|x64
		{01FA731B-9406-4B8B-8604-7023E88298F5}.DebugWithSanitizer|x86.ActiveCfg = DebugWithSanitizer|Win32
		{01FA731B-9406-4B8B-8604-7023E88298F5}.DebugWithSanitizer|x86.Build.0 = DebugWithSanitizer|Win32
		{01FA731B-9406-4B8B-8604-7023E88298F5}.Release|x64.ActiveCfg = Release|x64
		{01FA731B-9406-4B8B-8604-7023E88298F5}.Release|x64.Build.0 = Release|x64
		{01FA731B-9406-4B8B-8604-7023E88298F5}.Release|x86.ActiveCfg = Release|Win32
		{01FA731B-9406-4B8B-8604-7023E88298F5}.Release|x86.Build.0 = Release|Win32
		{C4D93941-D72C-46B8-A410-12A137960395}.Debug|x64.ActiveCfg = Debug|x64
		{C4D93941-D72C-46B8-A410-12A137960395}.Debug|x64.Build.0 = Debug|x64
		{C4D93941-D72C-46B8-A410-12A137960395}.Debug|x86.ActiveCfg = Debug|Win32
		{C4D93941-D72C-46B8-A410-12A137960395}.Debug|x86.Build.0 = Debug|Win32
		{C4D93941-D72C-46B8-A410-12A137960395}.DebugWithSanitizer|x64.ActiveCfg = Debug|x64
		{C4D93941-D72C-46B8-A410-12A137960395}.DebugWithSanitizer|x64.Build.0 = Debug|x64
		{C4D93941-D72C-46B8-A410-12A137960395}.DebugWithSanitizer|x86.ActiveCfg = Debug|Win32
		{C4D93941-D72C-46B8-A410-12A137960395}.DebugWithSanitizer|x86.Build.0 = Debug|Win32
		{C4D93941-D72C-46B8-A410-12A137960395}.Release|x64.ActiveCfg = Release|x64
		{C4D93941-D72C-46B8-A410-12A137960395}.Release|x64.Build.0 = Release|x64
		{C4D93941-D72C-46B8-A410-12A137960395}.Release|x86.ActiveCfg = Release|Win32
		{C4D93941-D72C-46B8-A410-12A137960395}.Release|x86.Build.0 = Release|Win32
		{7DCFEC6B-4413-4250-B73F-BD39050D9167}.Debug|x64.ActiveCfg = Debug|x64
		{7DCFEC6B-4413-4250-B73F-BD39050D9167}.Debug|x64.Build.0 = Debug|x64
		{7DCFEC6B-4413-4250-B73F-BD39050D9167}.Debug|x86.ActiveCfg = Debug|Win32
		{7DCFEC6B-4413-4250-B73F-BD39050D9167}.Debug|x86.Build.0 = Debug|Win32
		{7DCFEC6B-4413-4250-B73F-BD39050D9167}.DebugWithSanitizer|x64.ActiveCfg = Debug|x64
		{7DCFEC6B-4413-4250-B73F-BD39050D9167}.DebugWithSanitizer|x64.Build.0 = Debug|x64
		{7DCFEC6B-4413-4250-B73F-BD39050D9167}.DebugWithSanitizer|x86.ActiveCfg = Debug|Win32
		{7DCFEC6B-4413-4250-B73F-BD39050D9167}.DebugWithSanitizer|x86.Build.0 = Debug|Win32
		{7DCFEC6B-4413-4250-B73F-BD39050D9167}.Release|x64.ActiveCfg = Release|x64
		{7DCFEC6B-4413-4250-B73F-BD39050D9167}.Release|x64.Build.0 = Release|x64
		{7DCFEC6B-4413-4250-B73F-BD39050D9167}.Release|x86.ActiveCfg = Release|Win32
		{7DCFEC6B-4413-4250-B73F-BD39050D9167}.Release|x86.Build.0 = Release|Win32
		{D59030DC-1466-47EF-9E90-31EACDA8D0BC}.Debug|x64.ActiveCfg = Debug|x64
		{D59030DC-1466-47EF-9E90-31EACDA8D0BC}.Debug|x64.Build.0 = Debug|x64
		{D59030DC-1466-47EF-9E90-31EACDA8D0BC}.Debug|x86.ActiveCfg = Debug|Win32
		{D59030DC-1466-47EF-9E90-31EACDA8D0BC}.Debug|x86.Build.0 = Debug|Win32
		{D59030DC-1466-47EF-9E90-31EACDA8D0BC}.DebugWithSanitizer|x64.ActiveCfg = Debug|x64
		{D59030DC-1466-47EF-9E90-31EACDA8D0BC}.DebugWithSanitizer|x64.Build.0 = Debug|x64
		{D59030DC-1466-47EF-9E90-31EACDA8D0BC}.DebugWithSanitizer|x86.ActiveCfg = Debug|Win32
		{D59030DC-1466-47EF-9E90-31EACDA8D0BC}.DebugWithSanitizer|x86.Build.0 = Debug|Win32
		{D59030DC-1466-47EF-9E90-31EACDA8D0BC}.Release|x64.ActiveCfg = Release|x64
		{D59030DC-1466-47EF-9E90-31EACDA8D0BC}.Release|x64.Build.0 = Release|x64
		{D59030DC-1466-47EF-9E90-31EACDA8D0BC}.Release|x86.ActiveCfg = Release|Win32
		{D59030DC-1466-47EF-9E90-31EACDA8D0BC}.Release|x86.Build.0 = Release|Win32
		{0FE31D1F-C769-4E5C-A95C-79EA84F48C62}.Debug|x64.ActiveCfg = Debug|x64
		{0FE31D1F-C769-4E5C-A95C-79EA84F48C62}.Debug|x64.Build.0 = Debug|x64
		{0FE31D1F-C769-4E5C-A95C-79EA84F48C62}.Debug|x86.ActiveCfg = Debug|Win32
		{0FE31D1F-C769-4E5C-A95C-79EA84F48C62}.Debug|x86.Build.0 = Debug|Win32
		{0FE31D1F-C769-4E5C-A95C-79EA84F48C62}.DebugWithSanitizer|x64.ActiveCfg = Debug|x64
		{0FE31D1F-C769-4E5C-A95C-79EA84F48C62}.DebugWithSanitizer|x64.Build.0 = Debug|x64
		{0FE31D1F-C769-4E5C-A95C-79EA84F48C62}.DebugWithSanitizer|x86.ActiveCfg = Debug|Win32
		{0FE31D1F-C769-4E5C-A95C-79EA84F48C62}.DebugWithSanitizer|x86.Build.0 = Debug|Win32
		{0FE31D1F-C769-4E5C-A95C-79EA84F48C62}.Release|x64.ActiveCfg = Release|x64
		{0FE31D1F-C769-4E5C-A95C-79EA84F48C62}.Release|x64.Build.0 = Release|x64
		{0FE31D1F-C769-4E5C-A95C-79EA84F48C62}.Release|x86.ActiveCfg = Release|Win32
		{0FE31D1F-C769-4E5C-A95C-79EA84F48C62}.Release|x86.Build.0 = Release|Win32
		{640B52EF-D6CC-459A-959D-9C8C14C70D8F}.Debug|x64.ActiveCfg = Debug|x64
		{640B52EF-D6CC-459A-959D-9C8C14C70D8F}.Debug|x64.Build.0 = Debug|x64
		{640B52EF-D6CC-459A-959D-9C8C14C70D8F}.Debug|x86.ActiveCfg = Debug|Win32
		{640B52EF-D6CC-459A-959D-9C8C14C70D8F}.Debug|x86.Build.0 = Debug|Win32
		{640B52EF-D6CC-459A-959D-9C8C14C70D8F}.DebugWithSanitizer|x64.ActiveCfg = Debug|x64
		{640B52EF-D6CC-459A-959D-9C8C14C70D8F}.DebugWithSanitizer|x64.Build.0 = Debug|x64
		{640B52EF-D6CC-459A-959D-9C8C14C70D8F}.DebugWithSanitizer|x86.ActiveCfg = Debug|Win32
		{640B52EF-D6CC-459A-959D-9C8C14C70D8F}.DebugWithSanitizer|x86.Build.0 = Debug|Win32
		{640B52EF-D6CC-459A-959D-9C8C14C70D8F}.Release|x64.ActiveCfg = Release|x64
		{640B52EF-D6CC-459A-959D-9C8C14C70D8F}.Release|x64.Build.0 = Release|x64
		{640B52EF-D6CC-459A-959D-9C8C14C70D8F}.Release|x86.ActiveCfg = Release|Win32
		{640B52EF-D6CC-459A-959D-9C8C14C70D8F}.Release|x86.Build.0 = Release|Win32
	EndGlobalSection
	GlobalSection(SolutionProperties) = preSolution
		HideSolutionNode = FALSE
	EndGlobalSection
	GlobalSection(NestedProjects) = preSolution
		{C4D93941-D72C-46B8-A410-12A137960395} = {02EA681E-C7D8-13C7-8484-4AC65E1B71E8}
		{7DCFEC6B-4413-4250-B73F-BD39050D9167} = {02EA681E-C7D8-13C7-8484-4AC65E1B71E8}
		{D59030DC-1466-47EF-9E90-31EACDA8D0BC} = {02EA681E-C7D8-13C7-8484-4AC65E1B71E8}
		{0FE31D1F-C769-4E5C-A95C-79EA84F48C62} = {02EA681E-C7D8-13C7-8484-4AC65E1B71E8}
		{640B52EF-D6CC-459A-959D-9C8C14C70D8F} = {02EA681E-C7D8-13C7-8484-4AC65E1B71E8}
	EndGlobalSection
	GlobalSection(ExtensibilityGlobals) = postSolution
		SolutionGuid = {F7E11508-DD17-469C-8D5B-1D18256CD345}
	EndGlobalSection
EndGlobal
